{
  "version": 4,
  "terraform_version": "1.10.5",
  "serial": 78,
  "lineage": "9682ce37-458d-13e6-356b-df493397ff6c",
  "outputs": {},
  "resources": [
    {
      "mode": "managed",
      "type": "azurerm_resource_group",
      "name": "main",
      "provider": "provider[\"registry.terraform.io/hashicorp/azurerm\"]",
      "instances": [
        {
          "schema_version": 0,
          "attributes": {
            "id": "/subscriptions/69b7cafc-2efa-46e4-a66d-86c003835284/resourceGroups/filevault-ResourceGroup",
            "location": "uksouth",
            "managed_by": "",
            "name": "filevault-ResourceGroup",
            "tags": {},
            "timeouts": null
          },
          "sensitive_attributes": [],
          "private": "eyJlMmJmYjczMC1lY2FhLTExZTYtOGY4OC0zNDM2M2JjN2M0YzAiOnsiY3JlYXRlIjo1NDAwMDAwMDAwMDAwLCJkZWxldGUiOjU0MDAwMDAwMDAwMDAsInJlYWQiOjMwMDAwMDAwMDAwMCwidXBkYXRlIjo1NDAwMDAwMDAwMDAwfX0="
        }
      ]
    },
    {
      "mode": "managed",
      "type": "azurerm_virtual_network",
      "name": "main",
      "provider": "provider[\"registry.terraform.io/hashicorp/azurerm\"]",
      "instances": [
        {
          "schema_version": 0,
          "attributes": {
            "address_space": [
              "10.0.1.0/24"
            ],
            "bgp_community": "",
            "ddos_protection_plan": [],
            "dns_servers": [],
            "edge_zone": "",
            "encryption": [],
            "flow_timeout_in_minutes": 0,
            "guid": "d37660aa-12f1-4e57-acf4-e466c1b4e318",
            "id": "/subscriptions/69b7cafc-2efa-46e4-a66d-86c003835284/resourceGroups/filevault-ResourceGroup/providers/Microsoft.Network/virtualNetworks/filevault-network",
            "location": "uksouth",
            "name": "filevault-network",
            "resource_group_name": "filevault-ResourceGroup",
            "subnet": [
              {
                "address_prefix": "10.0.1.0/28",
                "id": "/subscriptions/69b7cafc-2efa-46e4-a66d-86c003835284/resourceGroups/filevault-ResourceGroup/providers/Microsoft.Network/virtualNetworks/filevault-network/subnets/internal",
                "name": "internal",
                "security_group": ""
              },
              {
                "address_prefix": "10.0.1.64/26",
                "id": "/subscriptions/69b7cafc-2efa-46e4-a66d-86c003835284/resourceGroups/filevault-ResourceGroup/providers/Microsoft.Network/virtualNetworks/filevault-network/subnets/AzureBastionSubnet",
                "name": "AzureBastionSubnet",
                "security_group": ""
              }
            ],
            "tags": {},
            "timeouts": null
          },
          "sensitive_attributes": [],
          "private": "eyJlMmJmYjczMC1lY2FhLTExZTYtOGY4OC0zNDM2M2JjN2M0YzAiOnsiY3JlYXRlIjoxODAwMDAwMDAwMDAwLCJkZWxldGUiOjE4MDAwMDAwMDAwMDAsInJlYWQiOjMwMDAwMDAwMDAwMCwidXBkYXRlIjoxODAwMDAwMDAwMDAwfX0=",
          "dependencies": [
            "azurerm_resource_group.main"
          ]
        }
      ]
    }
  ],
  "check_results": null
}
